
Microsoft Visual Studio Solution File, Format Version 12.00
# Visual Studio Version 17
VisualStudioVersion = 17.0.31912.275
MinimumVisualStudioVersion = 10.0.40219.1
Project("{FAE04EC0-301F-11D3-BF4B-00C04F79EFBC}") = "ExerciciosRoteiro04", "ExerciciosRoteiro04\ExerciciosRoteiro04.csproj", "{7FE99912-D8C7-4EC4-8566-644CF79892CB}"
EndProject
Global
	GlobalSection(SolutionConfigurationPlatforms) = preSolution
		Debug|Any CPU = Debug|Any CPU
		Release|Any CPU = Release|Any CPU
	EndGlobalSection
	GlobalSection(ProjectConfigurationPlatforms) = postSolution
		{7FE99912-D8C7-4EC4-8566-644CF79892CB}.Debug|Any CPU.ActiveCfg = Debug|Any CPU
		{7FE99912-D8C7-4EC4-8566-644CF79892CB}.Debug|Any CPU.Build.0 = Debug|Any CPU
		{7FE99912-D8C7-4EC4-8566-644CF79892CB}.Release|Any CPU.ActiveCfg = Release|Any CPU
		{7FE99912-D8C7-4EC4-8566-644CF79892CB}.Release|Any CPU.Build.0 = Release|Any CPU
	EndGlobalSection
	GlobalSection(SolutionProperties) = preSolution
		HideSolutionNode = FALSE
	EndGlobalSection
	GlobalSection(ExtensibilityGlobals) = postSolution
		SolutionGuid = {59C9A5C0-0A5C-4203-9D32-500989AEEB23}
	EndGlobalSection
EndGlobal
