
Microsoft Visual Studio Solution File, Format Version 12.00
# Visual Studio Version 17
VisualStudioVersion = 17.0.31912.275
MinimumVisualStudioVersion = 10.0.40219.1
Project("{FAE04EC0-301F-11D3-BF4B-00C04F79EFBC}") = "Aula4ArquivoTexto", "Aula4ArquivoTexto\Aula4ArquivoTexto.csproj", "{5A5A15CB-2A1E-4611-8447-C6C5410464DD}"
EndProject
Global
	GlobalSection(SolutionConfigurationPlatforms) = preSolution
		Debug|Any CPU = Debug|Any CPU
		Release|Any CPU = Release|Any CPU
	EndGlobalSection
	GlobalSection(ProjectConfigurationPlatforms) = postSolution
		{5A5A15CB-2A1E-4611-8447-C6C5410464DD}.Debug|Any CPU.ActiveCfg = Debug|Any CPU
		{5A5A15CB-2A1E-4611-8447-C6C5410464DD}.Debug|Any CPU.Build.0 = Debug|Any CPU
		{5A5A15CB-2A1E-4611-8447-C6C5410464DD}.Release|Any CPU.ActiveCfg = Release|Any CPU
		{5A5A15CB-2A1E-4611-8447-C6C5410464DD}.Release|Any CPU.Build.0 = Release|Any CPU
	EndGlobalSection
	GlobalSection(SolutionProperties) = preSolution
		HideSolutionNode = FALSE
	EndGlobalSection
	GlobalSection(ExtensibilityGlobals) = postSolution
		SolutionGuid = {6A845BE9-90CC-4730-8AD6-65E7D067D123}
	EndGlobalSection
EndGlobal
