
Microsoft Visual Studio Solution File, Format Version 12.00
# Visual Studio Version 17
VisualStudioVersion = 17.0.31912.275
MinimumVisualStudioVersion = 10.0.40219.1
Project("{FAE04EC0-301F-11D3-BF4B-00C04F79EFBC}") = "Aula1Segundo", "Aula1Segundo\Aula1Segundo.csproj", "{F00DB3F6-F0EF-424B-A582-57E4E71B9F3D}"
EndProject
Global
	GlobalSection(SolutionConfigurationPlatforms) = preSolution
		Debug|Any CPU = Debug|Any CPU
		Release|Any CPU = Release|Any CPU
	EndGlobalSection
	GlobalSection(ProjectConfigurationPlatforms) = postSolution
		{F00DB3F6-F0EF-424B-A582-57E4E71B9F3D}.Debug|Any CPU.ActiveCfg = Debug|Any CPU
		{F00DB3F6-F0EF-424B-A582-57E4E71B9F3D}.Debug|Any CPU.Build.0 = Debug|Any CPU
		{F00DB3F6-F0EF-424B-A582-57E4E71B9F3D}.Release|Any CPU.ActiveCfg = Release|Any CPU
		{F00DB3F6-F0EF-424B-A582-57E4E71B9F3D}.Release|Any CPU.Build.0 = Release|Any CPU
	EndGlobalSection
	GlobalSection(SolutionProperties) = preSolution
		HideSolutionNode = FALSE
	EndGlobalSection
	GlobalSection(ExtensibilityGlobals) = postSolution
		SolutionGuid = {FB17650E-AC84-4DDE-A42C-2A5CA4210DBF}
	EndGlobalSection
EndGlobal
