
Microsoft Visual Studio Solution File, Format Version 12.00
# Visual Studio Version 17
VisualStudioVersion = 17.0.31919.166
MinimumVisualStudioVersion = 10.0.40219.1
Project("{FAE04EC0-301F-11D3-BF4B-00C04F79EFBC}") = "ExercicioConsoleCalculoDistancia", "ExercicioConsoleCalculoDistancia\ExercicioConsoleCalculoDistancia.csproj", "{24EF2B44-C9D7-4BCC-9E30-23FB6D0BD383}"
EndProject
Global
	GlobalSection(SolutionConfigurationPlatforms) = preSolution
		Debug|Any CPU = Debug|Any CPU
		Release|Any CPU = Release|Any CPU
	EndGlobalSection
	GlobalSection(ProjectConfigurationPlatforms) = postSolution
		{24EF2B44-C9D7-4BCC-9E30-23FB6D0BD383}.Debug|Any CPU.ActiveCfg = Debug|Any CPU
		{24EF2B44-C9D7-4BCC-9E30-23FB6D0BD383}.Debug|Any CPU.Build.0 = Debug|Any CPU
		{24EF2B44-C9D7-4BCC-9E30-23FB6D0BD383}.Release|Any CPU.ActiveCfg = Release|Any CPU
		{24EF2B44-C9D7-4BCC-9E30-23FB6D0BD383}.Release|Any CPU.Build.0 = Release|Any CPU
	EndGlobalSection
	GlobalSection(SolutionProperties) = preSolution
		HideSolutionNode = FALSE
	EndGlobalSection
	GlobalSection(ExtensibilityGlobals) = postSolution
		SolutionGuid = {EA6934AA-B67B-4C4E-92C9-264E30A85384}
	EndGlobalSection
EndGlobal
